
Microsoft Visual Studio Solution File, Format Version 12.00
# Visual Studio 2013
VisualStudioVersion = 12.0.31101.0
MinimumVisualStudioVersion = 10.0.40219.1
Project("{FAE04EC0-301F-11D3-BF4B-00C04F79EFBC}") = "TimeAlgebra", "TimeAlgebra\TimeAlgebra.csproj", "{8CD8FFE7-4196-4554-A017-A8F6581730CD}"
EndProject
Project("{FAE04EC0-301F-11D3-BF4B-00C04F79EFBC}") = "TimeAlgebra.Tests", "TimeAlgebra.Tests\TimeAlgebra.Tests.csproj", "{C2C65A6C-2B90-45BE-94C8-88A1A2263472}"
EndProject
Global
	GlobalSection(SolutionConfigurationPlatforms) = preSolution
		Debug|Any CPU = Debug|Any CPU
		Release|Any CPU = Release|Any CPU
	EndGlobalSection
	GlobalSection(ProjectConfigurationPlatforms) = postSolution
		{8CD8FFE7-4196-4554-A017-A8F6581730CD}.Debug|Any CPU.ActiveCfg = Debug|Any CPU
		{8CD8FFE7-4196-4554-A017-A8F6581730CD}.Debug|Any CPU.Build.0 = Debug|Any CPU
		{8CD8FFE7-4196-4554-A017-A8F6581730CD}.Release|Any CPU.ActiveCfg = Release|Any CPU
		{8CD8FFE7-4196-4554-A017-A8F6581730CD}.Release|Any CPU.Build.0 = Release|Any CPU
		{C2C65A6C-2B90-45BE-94C8-88A1A2263472}.Debug|Any CPU.ActiveCfg = Debug|Any CPU
		{C2C65A6C-2B90-45BE-94C8-88A1A2263472}.Debug|Any CPU.Build.0 = Debug|Any CPU
		{C2C65A6C-2B90-45BE-94C8-88A1A2263472}.Release|Any CPU.ActiveCfg = Release|Any CPU
		{C2C65A6C-2B90-45BE-94C8-88A1A2263472}.Release|Any CPU.Build.0 = Release|Any CPU
	EndGlobalSection
	GlobalSection(SolutionProperties) = preSolution
		HideSolutionNode = FALSE
	EndGlobalSection
EndGlobal
